{
    "version": 3,
    "terraform_version": "0.8.5",
    "serial": 1,
    "lineage": "b791436f-1801-48ac-b0f2-f02f0871bfe0",
    "modules": [
        {
            "path": [
                "root"
            ],
            "outputs": {},
            "resources": {},
            "depends_on": []
        },
        {
            "path": [
                "root",
                "biggs"
            ],
            "outputs": {},
            "resources": {},
            "depends_on": []
        },
        {
            "path": [
                "root",
                "cecil"
            ],
            "outputs": {},
            "resources": {},
            "depends_on": []
        },
        {
            "path": [
                "root",
                "wedge"
            ],
            "outputs": {},
            "resources": {
                "docker_network.physical": {
                    "type": "docker_network",
                    "depends_on": [],
                    "primary": {
                        "id": "867f3ecb6a7feb20bd5afd15c1b990cfd4ea0776e658f36185cf67d612dbaa3c",
                        "attributes": {
                            "driver": "macvlan",
                            "id": "867f3ecb6a7feb20bd5afd15c1b990cfd4ea0776e658f36185cf67d612dbaa3c",
                            "internal": "false",
                            "ipam_config.#": "1",
                            "ipam_config.1117499188.aux_address.%": "0",
                            "ipam_config.1117499188.gateway": "172.16.8.1",
                            "ipam_config.1117499188.ip_range": "172.16.11.0/24",
                            "ipam_config.1117499188.subnet": "172.16.8.0/22",
                            "name": "physical",
                            "options.%": "1",
                            "options.parent": "eno1",
                            "scope": "local"
                        },
                        "meta": {},
                        "tainted": false
                    },
                    "deposed": [],
                    "provider": "docker.${var.name}"
                }
            },
            "depends_on": []
        }
    ]
}
